
Microsoft Visual Studio Solution File, Format Version 12.00
# Visual Studio Version 16
VisualStudioVersion = 16.0.31321.278
MinimumVisualStudioVersion = 10.0.40219.1
Project("{2150E333-8FDC-42A3-9474-1A3956D46DE8}") = "Services", "Services", "{0CBB0378-2555-475B-9E29-C0AE207D2636}"
EndProject
Project("{2150E333-8FDC-42A3-9474-1A3956D46DE8}") = "Catalog", "Catalog", "{EF923957-3EF0-40DE-8E2B-83B6909B969E}"
EndProject
Project("{9A19103F-16F7-4668-BE54-9A1E7A4F7556}") = "Catalog.API", "Services\Catalog\Catalog.API\Catalog.API.csproj", "{0E667CFA-59F9-446D-BB21-0F447397CAF0}"
EndProject
Project("{E53339B2-1760-4266-BCC7-CA923CBCF16C}") = "docker-compose", "docker-compose.dcproj", "{5205933D-C466-4AFD-B1B6-DFC8B8B44DA1}"
EndProject
Project("{2150E333-8FDC-42A3-9474-1A3956D46DE8}") = "Basket", "Basket", "{30829198-218F-4BD9-9C1A-7E7FAF7F706E}"
EndProject
Project("{9A19103F-16F7-4668-BE54-9A1E7A4F7556}") = "Basket.API", "Services\Basket\Basket.API\Basket.API.csproj", "{B1181306-E6FE-43FF-836A-BFEAF37392D9}"
EndProject
Project("{2150E333-8FDC-42A3-9474-1A3956D46DE8}") = "Discount", "Discount", "{A4848296-5DC0-4CC3-927D-C9B24F03EBD8}"
EndProject
Project("{9A19103F-16F7-4668-BE54-9A1E7A4F7556}") = "Discount.API", "Services\Discount\Discount.API\Discount.API.csproj", "{D93CCB84-5907-42E1-942F-D20BE81ACB86}"
EndProject
Project("{9A19103F-16F7-4668-BE54-9A1E7A4F7556}") = "Discount.Grpc", "Services\Discount\Discount.Grpc\Discount.Grpc.csproj", "{4A1AAB03-FEA5-4943-BDAB-BB41840DA830}"
EndProject
Project("{2150E333-8FDC-42A3-9474-1A3956D46DE8}") = "Ordering", "Ordering", "{EE2FE49C-8E11-4B52-A284-E97317A113AB}"
EndProject
Project("{9A19103F-16F7-4668-BE54-9A1E7A4F7556}") = "Ordering.API", "Services\Ordering\Ordering.API\Ordering.API.csproj", "{4EB20AA1-3C76-4328-9971-B2F3D7BB883A}"
EndProject
Project("{9A19103F-16F7-4668-BE54-9A1E7A4F7556}") = "Ordering.Domain", "Services\Ordering\Ordering.Domain\Ordering.Domain.csproj", "{555648A2-C6F1-490A-8D80-C034D8E1BC9D}"
EndProject
Project("{9A19103F-16F7-4668-BE54-9A1E7A4F7556}") = "Ordering.Application", "Services\Ordering\Ordering.Application\Ordering.Application.csproj", "{2B468989-6D27-4C11-9F2F-38277A56375C}"
EndProject
Project("{9A19103F-16F7-4668-BE54-9A1E7A4F7556}") = "Ordering.Infrastructure", "Services\Ordering\Ordering.Infrastructure\Ordering.Infrastructure.csproj", "{84962405-85D9-4A48-B578-EB86DD1C0157}"
EndProject
Project("{2150E333-8FDC-42A3-9474-1A3956D46DE8}") = "BuildingBlocks", "BuildingBlocks", "{E290D1E2-4C10-450A-A0E1-1D5C2F85E74E}"
EndProject
Project("{FAE04EC0-301F-11D3-BF4B-00C04F79EFBC}") = "Eventbus.Messages", "BuildingBlocks\Eventbus.Messages\Eventbus.Messages.csproj", "{2473F976-3CDE-437D-B07F-3C39C2876432}"
EndProject
Global
	GlobalSection(SolutionConfigurationPlatforms) = preSolution
		Debug|Any CPU = Debug|Any CPU
		Release|Any CPU = Release|Any CPU
	EndGlobalSection
	GlobalSection(ProjectConfigurationPlatforms) = postSolution
		{0E667CFA-59F9-446D-BB21-0F447397CAF0}.Debug|Any CPU.ActiveCfg = Debug|Any CPU
		{0E667CFA-59F9-446D-BB21-0F447397CAF0}.Debug|Any CPU.Build.0 = Debug|Any CPU
		{0E667CFA-59F9-446D-BB21-0F447397CAF0}.Release|Any CPU.ActiveCfg = Release|Any CPU
		{0E667CFA-59F9-446D-BB21-0F447397CAF0}.Release|Any CPU.Build.0 = Release|Any CPU
		{5205933D-C466-4AFD-B1B6-DFC8B8B44DA1}.Debug|Any CPU.ActiveCfg = Debug|Any CPU
		{5205933D-C466-4AFD-B1B6-DFC8B8B44DA1}.Debug|Any CPU.Build.0 = Debug|Any CPU
		{5205933D-C466-4AFD-B1B6-DFC8B8B44DA1}.Release|Any CPU.ActiveCfg = Release|Any CPU
		{5205933D-C466-4AFD-B1B6-DFC8B8B44DA1}.Release|Any CPU.Build.0 = Release|Any CPU
		{B1181306-E6FE-43FF-836A-BFEAF37392D9}.Debug|Any CPU.ActiveCfg = Debug|Any CPU
		{B1181306-E6FE-43FF-836A-BFEAF37392D9}.Debug|Any CPU.Build.0 = Debug|Any CPU
		{B1181306-E6FE-43FF-836A-BFEAF37392D9}.Release|Any CPU.ActiveCfg = Release|Any CPU
		{B1181306-E6FE-43FF-836A-BFEAF37392D9}.Release|Any CPU.Build.0 = Release|Any CPU
		{D93CCB84-5907-42E1-942F-D20BE81ACB86}.Debug|Any CPU.ActiveCfg = Debug|Any CPU
		{D93CCB84-5907-42E1-942F-D20BE81ACB86}.Debug|Any CPU.Build.0 = Debug|Any CPU
		{D93CCB84-5907-42E1-942F-D20BE81ACB86}.Release|Any CPU.ActiveCfg = Release|Any CPU
		{D93CCB84-5907-42E1-942F-D20BE81ACB86}.Release|Any CPU.Build.0 = Release|Any CPU
		{4A1AAB03-FEA5-4943-BDAB-BB41840DA830}.Debug|Any CPU.ActiveCfg = Debug|Any CPU
		{4A1AAB03-FEA5-4943-BDAB-BB41840DA830}.Debug|Any CPU.Build.0 = Debug|Any CPU
		{4A1AAB03-FEA5-4943-BDAB-BB41840DA830}.Release|Any CPU.ActiveCfg = Release|Any CPU
		{4A1AAB03-FEA5-4943-BDAB-BB41840DA830}.Release|Any CPU.Build.0 = Release|Any CPU
		{4EB20AA1-3C76-4328-9971-B2F3D7BB883A}.Debug|Any CPU.ActiveCfg = Debug|Any CPU
		{4EB20AA1-3C76-4328-9971-B2F3D7BB883A}.Debug|Any CPU.Build.0 = Debug|Any CPU
		{4EB20AA1-3C76-4328-9971-B2F3D7BB883A}.Release|Any CPU.ActiveCfg = Release|Any CPU
		{4EB20AA1-3C76-4328-9971-B2F3D7BB883A}.Release|Any CPU.Build.0 = Release|Any CPU
		{555648A2-C6F1-490A-8D80-C034D8E1BC9D}.Debug|Any CPU.ActiveCfg = Debug|Any CPU
		{555648A2-C6F1-490A-8D80-C034D8E1BC9D}.Debug|Any CPU.Build.0 = Debug|Any CPU
		{555648A2-C6F1-490A-8D80-C034D8E1BC9D}.Release|Any CPU.ActiveCfg = Release|Any CPU
		{555648A2-C6F1-490A-8D80-C034D8E1BC9D}.Release|Any CPU.Build.0 = Release|Any CPU
		{2B468989-6D27-4C11-9F2F-38277A56375C}.Debug|Any CPU.ActiveCfg = Debug|Any CPU
		{2B468989-6D27-4C11-9F2F-38277A56375C}.Debug|Any CPU.Build.0 = Debug|Any CPU
		{2B468989-6D27-4C11-9F2F-38277A56375C}.Release|Any CPU.ActiveCfg = Release|Any CPU
		{2B468989-6D27-4C11-9F2F-38277A56375C}.Release|Any CPU.Build.0 = Release|Any CPU
		{84962405-85D9-4A48-B578-EB86DD1C0157}.Debug|Any CPU.ActiveCfg = Debug|Any CPU
		{84962405-85D9-4A48-B578-EB86DD1C0157}.Debug|Any CPU.Build.0 = Debug|Any CPU
		{84962405-85D9-4A48-B578-EB86DD1C0157}.Release|Any CPU.ActiveCfg = Release|Any CPU
		{84962405-85D9-4A48-B578-EB86DD1C0157}.Release|Any CPU.Build.0 = Release|Any CPU
		{2473F976-3CDE-437D-B07F-3C39C2876432}.Debug|Any CPU.ActiveCfg = Debug|Any CPU
		{2473F976-3CDE-437D-B07F-3C39C2876432}.Debug|Any CPU.Build.0 = Debug|Any CPU
		{2473F976-3CDE-437D-B07F-3C39C2876432}.Release|Any CPU.ActiveCfg = Release|Any CPU
		{2473F976-3CDE-437D-B07F-3C39C2876432}.Release|Any CPU.Build.0 = Release|Any CPU
	EndGlobalSection
	GlobalSection(SolutionProperties) = preSolution
		HideSolutionNode = FALSE
	EndGlobalSection
	GlobalSection(NestedProjects) = preSolution
		{EF923957-3EF0-40DE-8E2B-83B6909B969E} = {0CBB0378-2555-475B-9E29-C0AE207D2636}
		{0E667CFA-59F9-446D-BB21-0F447397CAF0} = {EF923957-3EF0-40DE-8E2B-83B6909B969E}
		{30829198-218F-4BD9-9C1A-7E7FAF7F706E} = {0CBB0378-2555-475B-9E29-C0AE207D2636}
		{B1181306-E6FE-43FF-836A-BFEAF37392D9} = {30829198-218F-4BD9-9C1A-7E7FAF7F706E}
		{A4848296-5DC0-4CC3-927D-C9B24F03EBD8} = {0CBB0378-2555-475B-9E29-C0AE207D2636}
		{D93CCB84-5907-42E1-942F-D20BE81ACB86} = {A4848296-5DC0-4CC3-927D-C9B24F03EBD8}
		{4A1AAB03-FEA5-4943-BDAB-BB41840DA830} = {A4848296-5DC0-4CC3-927D-C9B24F03EBD8}
		{EE2FE49C-8E11-4B52-A284-E97317A113AB} = {0CBB0378-2555-475B-9E29-C0AE207D2636}
		{4EB20AA1-3C76-4328-9971-B2F3D7BB883A} = {EE2FE49C-8E11-4B52-A284-E97317A113AB}
		{555648A2-C6F1-490A-8D80-C034D8E1BC9D} = {EE2FE49C-8E11-4B52-A284-E97317A113AB}
		{2B468989-6D27-4C11-9F2F-38277A56375C} = {EE2FE49C-8E11-4B52-A284-E97317A113AB}
		{84962405-85D9-4A48-B578-EB86DD1C0157} = {EE2FE49C-8E11-4B52-A284-E97317A113AB}
		{2473F976-3CDE-437D-B07F-3C39C2876432} = {E290D1E2-4C10-450A-A0E1-1D5C2F85E74E}
	EndGlobalSection
	GlobalSection(ExtensibilityGlobals) = postSolution
		SolutionGuid = {7DC83C14-546B-4A87-9CF4-B3F62F8AC6ED}
	EndGlobalSection
EndGlobal
